
Microsoft Visual Studio Solution File, Format Version 12.00
# Visual Studio Version 16
VisualStudioVersion = 16.0.29709.97
MinimumVisualStudioVersion = 10.0.40219.1
Project("{FAE04EC0-301F-11D3-BF4B-00C04F79EFBC}") = "WEB_API", "WEB_API.csproj", "{943A1B83-A4F3-46BF-B091-F1A83B4C6943}"
EndProject
Global
	GlobalSection(SolutionConfigurationPlatforms) = preSolution
		Debug|Any CPU = Debug|Any CPU
		Release|Any CPU = Release|Any CPU
	EndGlobalSection
	GlobalSection(ProjectConfigurationPlatforms) = postSolution
		{943A1B83-A4F3-46BF-B091-F1A83B4C6943}.Debug|Any CPU.ActiveCfg = Debug|Any CPU
		{943A1B83-A4F3-46BF-B091-F1A83B4C6943}.Debug|Any CPU.Build.0 = Debug|Any CPU
		{943A1B83-A4F3-46BF-B091-F1A83B4C6943}.Release|Any CPU.ActiveCfg = Release|Any CPU
		{943A1B83-A4F3-46BF-B091-F1A83B4C6943}.Release|Any CPU.Build.0 = Release|Any CPU
	EndGlobalSection
	GlobalSection(SolutionProperties) = preSolution
		HideSolutionNode = FALSE
	EndGlobalSection
	GlobalSection(ExtensibilityGlobals) = postSolution
		SolutionGuid = {3BE47D12-7BCB-49CB-AF9F-568E08C8DAE4}
	EndGlobalSection
EndGlobal
